
Microsoft Visual Studio Solution File, Format Version 12.00
# Visual Studio Version 17
VisualStudioVersion = 17.1.32328.378
MinimumVisualStudioVersion = 10.0.40219.1
Project("{FAE04EC0-301F-11D3-BF4B-00C04F79EFBC}") = "WindowsForms", "WindowsForms.csproj", "{9C950443-1B8D-4602-A3EE-6634B3D256AF}"
EndProject
Global
	GlobalSection(SolutionConfigurationPlatforms) = preSolution
		Debug|Any CPU = Debug|Any CPU
		Release|Any CPU = Release|Any CPU
	EndGlobalSection
	GlobalSection(ProjectConfigurationPlatforms) = postSolution
		{9C950443-1B8D-4602-A3EE-6634B3D256AF}.Debug|Any CPU.ActiveCfg = Debug|Any CPU
		{9C950443-1B8D-4602-A3EE-6634B3D256AF}.Debug|Any CPU.Build.0 = Debug|Any CPU
		{9C950443-1B8D-4602-A3EE-6634B3D256AF}.Release|Any CPU.ActiveCfg = Release|Any CPU
		{9C950443-1B8D-4602-A3EE-6634B3D256AF}.Release|Any CPU.Build.0 = Release|Any CPU
	EndGlobalSection
	GlobalSection(SolutionProperties) = preSolution
		HideSolutionNode = FALSE
	EndGlobalSection
	GlobalSection(ExtensibilityGlobals) = postSolution
		SolutionGuid = {62BFBA8A-5BAA-4197-AC63-EABCDD09FF95}
	EndGlobalSection
EndGlobal
